
Microsoft Visual Studio Solution File, Format Version 12.00
# Visual Studio 14
VisualStudioVersion = 14.0.24720.0
MinimumVisualStudioVersion = 10.0.40219.1
Project("{F2A71F9B-5D33-465A-A702-920D77279786}") = "ss13", "ss13\ss13.fsproj", "{DD92C6D7-52F0-4B49-BD38-45F473C91DE1}"
	ProjectSection(ProjectDependencies) = postProject
		{31D24303-F6A9-4D53-BB03-A73EDCB3186D} = {31D24303-F6A9-4D53-BB03-A73EDCB3186D}
		{D17DE83D-A592-461F-8AF2-53F9E22E1D0F} = {D17DE83D-A592-461F-8AF2-53F9E22E1D0F}
		{0B202C4D-A457-47FE-84A3-031DD878C6BE} = {0B202C4D-A457-47FE-84A3-031DD878C6BE}
		{46786269-57B9-48E7-AA4F-8F4D84609FE6} = {46786269-57B9-48E7-AA4F-8F4D84609FE6}
	EndProjectSection
EndProject
Project("{FAE04EC0-301F-11D3-BF4B-00C04F79EFBC}") = "sfml-audio", "..\..\..\GitHub\SFML.Net\src\Audio\sfml-audio.csproj", "{0B202C4D-A457-47FE-84A3-031DD878C6BE}"
	ProjectSection(ProjectDependencies) = postProject
		{C27DB390-B043-3BE0-8ED4-DE41BB6FBC17} = {C27DB390-B043-3BE0-8ED4-DE41BB6FBC17}
	EndProjectSection
EndProject
Project("{2150E333-8FDC-42A3-9474-1A3956D46DE8}") = "SFML.Net", "SFML.Net", "{6C081DE0-3D6B-45A8-9888-015AE042C593}"
EndProject
Project("{FAE04EC0-301F-11D3-BF4B-00C04F79EFBC}") = "sfml-graphics", "..\..\..\GitHub\SFML.Net\src\Graphics\sfml-graphics.csproj", "{46786269-57B9-48E7-AA4F-8F4D84609FE6}"
	ProjectSection(ProjectDependencies) = postProject
		{003D1D3D-310C-39BE-B875-1938E55CBF42} = {003D1D3D-310C-39BE-B875-1938E55CBF42}
	EndProjectSection
EndProject
Project("{FAE04EC0-301F-11D3-BF4B-00C04F79EFBC}") = "sfml-system", "..\..\..\GitHub\SFML.Net\src\System\sfml-system.csproj", "{31D24303-F6A9-4D53-BB03-A73EDCB3186D}"
	ProjectSection(ProjectDependencies) = postProject
		{DA7FEB70-C3F4-336C-ADC0-6B5BC1E42E6C} = {DA7FEB70-C3F4-336C-ADC0-6B5BC1E42E6C}
	EndProjectSection
EndProject
Project("{FAE04EC0-301F-11D3-BF4B-00C04F79EFBC}") = "sfml-window", "..\..\..\GitHub\SFML.Net\src\Window\sfml-window.csproj", "{D17DE83D-A592-461F-8AF2-53F9E22E1D0F}"
	ProjectSection(ProjectDependencies) = postProject
		{C2EB9F7F-02AE-3829-8C87-DD72DCC76571} = {C2EB9F7F-02AE-3829-8C87-DD72DCC76571}
	EndProjectSection
EndProject
Project("{2150E333-8FDC-42A3-9474-1A3956D46DE8}") = "CSFML", "CSFML", "{416835A6-8F68-4617-A758-2A77B55B1C58}"
EndProject
Project("{8BC9CEB8-8B4A-11D0-8D11-00A0C91BC942}") = "csfml-audio", "..\..\..\GitHub\CSFML\src\SFML\Audio\csfml-audio.vcxproj", "{C27DB390-B043-3BE0-8ED4-DE41BB6FBC17}"
	ProjectSection(ProjectDependencies) = postProject
		{F999B543-BDD1-3E95-B696-E103C4ED8370} = {F999B543-BDD1-3E95-B696-E103C4ED8370}
	EndProjectSection
EndProject
Project("{8BC9CEB8-8B4A-11D0-8D11-00A0C91BC942}") = "csfml-graphics", "..\..\..\GitHub\CSFML\src\SFML\Graphics\csfml-graphics.vcxproj", "{003D1D3D-310C-39BE-B875-1938E55CBF42}"
	ProjectSection(ProjectDependencies) = postProject
		{506195C8-DFE2-356D-A48A-AFB3D34A2DEB} = {506195C8-DFE2-356D-A48A-AFB3D34A2DEB}
	EndProjectSection
EndProject
Project("{8BC9CEB8-8B4A-11D0-8D11-00A0C91BC942}") = "csfml-system", "..\..\..\GitHub\CSFML\src\SFML\System\csfml-system.vcxproj", "{DA7FEB70-C3F4-336C-ADC0-6B5BC1E42E6C}"
	ProjectSection(ProjectDependencies) = postProject
		{B8F010DB-D471-3E2A-B2E0-6D8728D208B9} = {B8F010DB-D471-3E2A-B2E0-6D8728D208B9}
	EndProjectSection
EndProject
Project("{8BC9CEB8-8B4A-11D0-8D11-00A0C91BC942}") = "csfml-window", "..\..\..\GitHub\CSFML\src\SFML\Window\csfml-window.vcxproj", "{C2EB9F7F-02AE-3829-8C87-DD72DCC76571}"
	ProjectSection(ProjectDependencies) = postProject
		{B22B42A4-5DFF-39E4-9ACB-AE04AF852329} = {B22B42A4-5DFF-39E4-9ACB-AE04AF852329}
	EndProjectSection
EndProject
Project("{2150E333-8FDC-42A3-9474-1A3956D46DE8}") = "SFML", "SFML", "{8B7D2BA3-8B87-4D56-9AFF-C586DF63E543}"
EndProject
Project("{8BC9CEB8-8B4A-11D0-8D11-00A0C91BC942}") = "sfml-audio", "..\..\..\GitHub\SFML\src\SFML\Audio\sfml-audio.vcxproj", "{F999B543-BDD1-3E95-B696-E103C4ED8370}"
EndProject
Project("{8BC9CEB8-8B4A-11D0-8D11-00A0C91BC942}") = "sfml-graphics", "..\..\..\GitHub\SFML\src\SFML\Graphics\sfml-graphics.vcxproj", "{506195C8-DFE2-356D-A48A-AFB3D34A2DEB}"
EndProject
Project("{8BC9CEB8-8B4A-11D0-8D11-00A0C91BC942}") = "sfml-system", "..\..\..\GitHub\SFML\src\SFML\System\sfml-system.vcxproj", "{B8F010DB-D471-3E2A-B2E0-6D8728D208B9}"
EndProject
Project("{8BC9CEB8-8B4A-11D0-8D11-00A0C91BC942}") = "sfml-window", "..\..\..\GitHub\SFML\src\SFML\Window\sfml-window.vcxproj", "{B22B42A4-5DFF-39E4-9ACB-AE04AF852329}"
EndProject
Global
	GlobalSection(SolutionConfigurationPlatforms) = preSolution
		Debug|Any CPU = Debug|Any CPU
		Debug|x64 = Debug|x64
		Debug|x86 = Debug|x86
		DebugMinimal|Any CPU = DebugMinimal|Any CPU
		DebugMinimal|x64 = DebugMinimal|x64
		DebugMinimal|x86 = DebugMinimal|x86
		Documentation|Any CPU = Documentation|Any CPU
		Documentation|x64 = Documentation|x64
		Documentation|x86 = Documentation|x86
		MinSizeRel|Any CPU = MinSizeRel|Any CPU
		MinSizeRel|x64 = MinSizeRel|x64
		MinSizeRel|x86 = MinSizeRel|x86
		Nsis|Any CPU = Nsis|Any CPU
		Nsis|x64 = Nsis|x64
		Nsis|x86 = Nsis|x86
		Release|Any CPU = Release|Any CPU
		Release|x64 = Release|x64
		Release|x86 = Release|x86
		ReleaseMinimal|Any CPU = ReleaseMinimal|Any CPU
		ReleaseMinimal|x64 = ReleaseMinimal|x64
		ReleaseMinimal|x86 = ReleaseMinimal|x86
		RelWithDebInfo|Any CPU = RelWithDebInfo|Any CPU
		RelWithDebInfo|x64 = RelWithDebInfo|x64
		RelWithDebInfo|x86 = RelWithDebInfo|x86
	EndGlobalSection
	GlobalSection(ProjectConfigurationPlatforms) = postSolution
		{DD92C6D7-52F0-4B49-BD38-45F473C91DE1}.Debug|Any CPU.ActiveCfg = Debug|Any CPU
		{DD92C6D7-52F0-4B49-BD38-45F473C91DE1}.Debug|Any CPU.Build.0 = Debug|Any CPU
		{DD92C6D7-52F0-4B49-BD38-45F473C91DE1}.Debug|x64.ActiveCfg = Debug|x64
		{DD92C6D7-52F0-4B49-BD38-45F473C91DE1}.Debug|x64.Build.0 = Debug|x64
		{DD92C6D7-52F0-4B49-BD38-45F473C91DE1}.Debug|x86.ActiveCfg = Debug|Any CPU
		{DD92C6D7-52F0-4B49-BD38-45F473C91DE1}.Debug|x86.Build.0 = Debug|Any CPU
		{DD92C6D7-52F0-4B49-BD38-45F473C91DE1}.DebugMinimal|Any CPU.ActiveCfg = Debug|Any CPU
		{DD92C6D7-52F0-4B49-BD38-45F473C91DE1}.DebugMinimal|Any CPU.Build.0 = Debug|Any CPU
		{DD92C6D7-52F0-4B49-BD38-45F473C91DE1}.DebugMinimal|x64.ActiveCfg = Debug|Any CPU
		{DD92C6D7-52F0-4B49-BD38-45F473C91DE1}.DebugMinimal|x64.Build.0 = Debug|Any CPU
		{DD92C6D7-52F0-4B49-BD38-45F473C91DE1}.DebugMinimal|x86.ActiveCfg = Debug|Any CPU
		{DD92C6D7-52F0-4B49-BD38-45F473C91DE1}.DebugMinimal|x86.Build.0 = Debug|Any CPU
		{DD92C6D7-52F0-4B49-BD38-45F473C91DE1}.Documentation|Any CPU.ActiveCfg = Debug|Any CPU
		{DD92C6D7-52F0-4B49-BD38-45F473C91DE1}.Documentation|Any CPU.Build.0 = Debug|Any CPU
		{DD92C6D7-52F0-4B49-BD38-45F473C91DE1}.Documentation|x64.ActiveCfg = Debug|Any CPU
		{DD92C6D7-52F0-4B49-BD38-45F473C91DE1}.Documentation|x64.Build.0 = Debug|Any CPU
		{DD92C6D7-52F0-4B49-BD38-45F473C91DE1}.Documentation|x86.ActiveCfg = Debug|Any CPU
		{DD92C6D7-52F0-4B49-BD38-45F473C91DE1}.Documentation|x86.Build.0 = Debug|Any CPU
		{DD92C6D7-52F0-4B49-BD38-45F473C91DE1}.MinSizeRel|Any CPU.ActiveCfg = Release|Any CPU
		{DD92C6D7-52F0-4B49-BD38-45F473C91DE1}.MinSizeRel|Any CPU.Build.0 = Release|Any CPU
		{DD92C6D7-52F0-4B49-BD38-45F473C91DE1}.MinSizeRel|x64.ActiveCfg = Release|Any CPU
		{DD92C6D7-52F0-4B49-BD38-45F473C91DE1}.MinSizeRel|x64.Build.0 = Release|Any CPU
		{DD92C6D7-52F0-4B49-BD38-45F473C91DE1}.MinSizeRel|x86.ActiveCfg = Release|Any CPU
		{DD92C6D7-52F0-4B49-BD38-45F473C91DE1}.MinSizeRel|x86.Build.0 = Release|Any CPU
		{DD92C6D7-52F0-4B49-BD38-45F473C91DE1}.Nsis|Any CPU.ActiveCfg = Release|Any CPU
		{DD92C6D7-52F0-4B49-BD38-45F473C91DE1}.Nsis|Any CPU.Build.0 = Release|Any CPU
		{DD92C6D7-52F0-4B49-BD38-45F473C91DE1}.Nsis|x64.ActiveCfg = Release|Any CPU
		{DD92C6D7-52F0-4B49-BD38-45F473C91DE1}.Nsis|x64.Build.0 = Release|Any CPU
		{DD92C6D7-52F0-4B49-BD38-45F473C91DE1}.Nsis|x86.ActiveCfg = Release|Any CPU
		{DD92C6D7-52F0-4B49-BD38-45F473C91DE1}.Nsis|x86.Build.0 = Release|Any CPU
		{DD92C6D7-52F0-4B49-BD38-45F473C91DE1}.Release|Any CPU.ActiveCfg = Release|Any CPU
		{DD92C6D7-52F0-4B49-BD38-45F473C91DE1}.Release|Any CPU.Build.0 = Release|Any CPU
		{DD92C6D7-52F0-4B49-BD38-45F473C91DE1}.Release|x64.ActiveCfg = Release|Any CPU
		{DD92C6D7-52F0-4B49-BD38-45F473C91DE1}.Release|x64.Build.0 = Release|Any CPU
		{DD92C6D7-52F0-4B49-BD38-45F473C91DE1}.Release|x86.ActiveCfg = Release|Any CPU
		{DD92C6D7-52F0-4B49-BD38-45F473C91DE1}.Release|x86.Build.0 = Release|Any CPU
		{DD92C6D7-52F0-4B49-BD38-45F473C91DE1}.ReleaseMinimal|Any CPU.ActiveCfg = Release|Any CPU
		{DD92C6D7-52F0-4B49-BD38-45F473C91DE1}.ReleaseMinimal|Any CPU.Build.0 = Release|Any CPU
		{DD92C6D7-52F0-4B49-BD38-45F473C91DE1}.ReleaseMinimal|x64.ActiveCfg = Release|Any CPU
		{DD92C6D7-52F0-4B49-BD38-45F473C91DE1}.ReleaseMinimal|x64.Build.0 = Release|Any CPU
		{DD92C6D7-52F0-4B49-BD38-45F473C91DE1}.ReleaseMinimal|x86.ActiveCfg = Release|Any CPU
		{DD92C6D7-52F0-4B49-BD38-45F473C91DE1}.ReleaseMinimal|x86.Build.0 = Release|Any CPU
		{DD92C6D7-52F0-4B49-BD38-45F473C91DE1}.RelWithDebInfo|Any CPU.ActiveCfg = Release|Any CPU
		{DD92C6D7-52F0-4B49-BD38-45F473C91DE1}.RelWithDebInfo|Any CPU.Build.0 = Release|Any CPU
		{DD92C6D7-52F0-4B49-BD38-45F473C91DE1}.RelWithDebInfo|x64.ActiveCfg = Release|Any CPU
		{DD92C6D7-52F0-4B49-BD38-45F473C91DE1}.RelWithDebInfo|x64.Build.0 = Release|Any CPU
		{DD92C6D7-52F0-4B49-BD38-45F473C91DE1}.RelWithDebInfo|x86.ActiveCfg = Release|Any CPU
		{DD92C6D7-52F0-4B49-BD38-45F473C91DE1}.RelWithDebInfo|x86.Build.0 = Release|Any CPU
		{0B202C4D-A457-47FE-84A3-031DD878C6BE}.Debug|Any CPU.ActiveCfg = Debug|x86
		{0B202C4D-A457-47FE-84A3-031DD878C6BE}.Debug|x64.ActiveCfg = Release|x64
		{0B202C4D-A457-47FE-84A3-031DD878C6BE}.Debug|x64.Build.0 = Release|x64
		{0B202C4D-A457-47FE-84A3-031DD878C6BE}.Debug|x86.ActiveCfg = Debug|x86
		{0B202C4D-A457-47FE-84A3-031DD878C6BE}.Debug|x86.Build.0 = Debug|x86
		{0B202C4D-A457-47FE-84A3-031DD878C6BE}.DebugMinimal|Any CPU.ActiveCfg = Release|x64
		{0B202C4D-A457-47FE-84A3-031DD878C6BE}.DebugMinimal|Any CPU.Build.0 = Release|x64
		{0B202C4D-A457-47FE-84A3-031DD878C6BE}.DebugMinimal|x64.ActiveCfg = Debug|x64
		{0B202C4D-A457-47FE-84A3-031DD878C6BE}.DebugMinimal|x64.Build.0 = Debug|x64
		{0B202C4D-A457-47FE-84A3-031DD878C6BE}.DebugMinimal|x86.ActiveCfg = Debug|x86
		{0B202C4D-A457-47FE-84A3-031DD878C6BE}.DebugMinimal|x86.Build.0 = Debug|x86
		{0B202C4D-A457-47FE-84A3-031DD878C6BE}.Documentation|Any CPU.ActiveCfg = Release|x64
		{0B202C4D-A457-47FE-84A3-031DD878C6BE}.Documentation|Any CPU.Build.0 = Release|x64
		{0B202C4D-A457-47FE-84A3-031DD878C6BE}.Documentation|x64.ActiveCfg = Debug|x64
		{0B202C4D-A457-47FE-84A3-031DD878C6BE}.Documentation|x64.Build.0 = Debug|x64
		{0B202C4D-A457-47FE-84A3-031DD878C6BE}.Documentation|x86.ActiveCfg = Debug|x86
		{0B202C4D-A457-47FE-84A3-031DD878C6BE}.Documentation|x86.Build.0 = Debug|x86
		{0B202C4D-A457-47FE-84A3-031DD878C6BE}.MinSizeRel|Any CPU.ActiveCfg = Release|x64
		{0B202C4D-A457-47FE-84A3-031DD878C6BE}.MinSizeRel|Any CPU.Build.0 = Release|x64
		{0B202C4D-A457-47FE-84A3-031DD878C6BE}.MinSizeRel|x64.ActiveCfg = Release|x64
		{0B202C4D-A457-47FE-84A3-031DD878C6BE}.MinSizeRel|x64.Build.0 = Release|x64
		{0B202C4D-A457-47FE-84A3-031DD878C6BE}.MinSizeRel|x86.ActiveCfg = Release|x86
		{0B202C4D-A457-47FE-84A3-031DD878C6BE}.MinSizeRel|x86.Build.0 = Release|x86
		{0B202C4D-A457-47FE-84A3-031DD878C6BE}.Nsis|Any CPU.ActiveCfg = Release|x64
		{0B202C4D-A457-47FE-84A3-031DD878C6BE}.Nsis|Any CPU.Build.0 = Release|x64
		{0B202C4D-A457-47FE-84A3-031DD878C6BE}.Nsis|x64.ActiveCfg = Release|x64
		{0B202C4D-A457-47FE-84A3-031DD878C6BE}.Nsis|x64.Build.0 = Release|x64
		{0B202C4D-A457-47FE-84A3-031DD878C6BE}.Nsis|x86.ActiveCfg = Release|x86
		{0B202C4D-A457-47FE-84A3-031DD878C6BE}.Nsis|x86.Build.0 = Release|x86
		{0B202C4D-A457-47FE-84A3-031DD878C6BE}.Release|Any CPU.ActiveCfg = Release|x86
		{0B202C4D-A457-47FE-84A3-031DD878C6BE}.Release|x64.ActiveCfg = Release|x64
		{0B202C4D-A457-47FE-84A3-031DD878C6BE}.Release|x64.Build.0 = Release|x64
		{0B202C4D-A457-47FE-84A3-031DD878C6BE}.Release|x86.ActiveCfg = Release|x86
		{0B202C4D-A457-47FE-84A3-031DD878C6BE}.Release|x86.Build.0 = Release|x86
		{0B202C4D-A457-47FE-84A3-031DD878C6BE}.ReleaseMinimal|Any CPU.ActiveCfg = Release|x64
		{0B202C4D-A457-47FE-84A3-031DD878C6BE}.ReleaseMinimal|Any CPU.Build.0 = Release|x64
		{0B202C4D-A457-47FE-84A3-031DD878C6BE}.ReleaseMinimal|x64.ActiveCfg = Release|x64
		{0B202C4D-A457-47FE-84A3-031DD878C6BE}.ReleaseMinimal|x64.Build.0 = Release|x64
		{0B202C4D-A457-47FE-84A3-031DD878C6BE}.ReleaseMinimal|x86.ActiveCfg = Release|x86
		{0B202C4D-A457-47FE-84A3-031DD878C6BE}.ReleaseMinimal|x86.Build.0 = Release|x86
		{0B202C4D-A457-47FE-84A3-031DD878C6BE}.RelWithDebInfo|Any CPU.ActiveCfg = Release|x64
		{0B202C4D-A457-47FE-84A3-031DD878C6BE}.RelWithDebInfo|Any CPU.Build.0 = Release|x64
		{0B202C4D-A457-47FE-84A3-031DD878C6BE}.RelWithDebInfo|x64.ActiveCfg = Release|x64
		{0B202C4D-A457-47FE-84A3-031DD878C6BE}.RelWithDebInfo|x64.Build.0 = Release|x64
		{0B202C4D-A457-47FE-84A3-031DD878C6BE}.RelWithDebInfo|x86.ActiveCfg = Release|x86
		{0B202C4D-A457-47FE-84A3-031DD878C6BE}.RelWithDebInfo|x86.Build.0 = Release|x86
		{46786269-57B9-48E7-AA4F-8F4D84609FE6}.Debug|Any CPU.ActiveCfg = Debug|x86
		{46786269-57B9-48E7-AA4F-8F4D84609FE6}.Debug|x64.ActiveCfg = Release|x64
		{46786269-57B9-48E7-AA4F-8F4D84609FE6}.Debug|x64.Build.0 = Release|x64
		{46786269-57B9-48E7-AA4F-8F4D84609FE6}.Debug|x86.ActiveCfg = Debug|x86
		{46786269-57B9-48E7-AA4F-8F4D84609FE6}.Debug|x86.Build.0 = Debug|x86
		{46786269-57B9-48E7-AA4F-8F4D84609FE6}.DebugMinimal|Any CPU.ActiveCfg = Release|x64
		{46786269-57B9-48E7-AA4F-8F4D84609FE6}.DebugMinimal|Any CPU.Build.0 = Release|x64
		{46786269-57B9-48E7-AA4F-8F4D84609FE6}.DebugMinimal|x64.ActiveCfg = Debug|x64
		{46786269-57B9-48E7-AA4F-8F4D84609FE6}.DebugMinimal|x64.Build.0 = Debug|x64
		{46786269-57B9-48E7-AA4F-8F4D84609FE6}.DebugMinimal|x86.ActiveCfg = Debug|x86
		{46786269-57B9-48E7-AA4F-8F4D84609FE6}.DebugMinimal|x86.Build.0 = Debug|x86
		{46786269-57B9-48E7-AA4F-8F4D84609FE6}.Documentation|Any CPU.ActiveCfg = Release|x64
		{46786269-57B9-48E7-AA4F-8F4D84609FE6}.Documentation|Any CPU.Build.0 = Release|x64
		{46786269-57B9-48E7-AA4F-8F4D84609FE6}.Documentation|x64.ActiveCfg = Debug|x64
		{46786269-57B9-48E7-AA4F-8F4D84609FE6}.Documentation|x64.Build.0 = Debug|x64
		{46786269-57B9-48E7-AA4F-8F4D84609FE6}.Documentation|x86.ActiveCfg = Debug|x86
		{46786269-57B9-48E7-AA4F-8F4D84609FE6}.Documentation|x86.Build.0 = Debug|x86
		{46786269-57B9-48E7-AA4F-8F4D84609FE6}.MinSizeRel|Any CPU.ActiveCfg = Release|x64
		{46786269-57B9-48E7-AA4F-8F4D84609FE6}.MinSizeRel|Any CPU.Build.0 = Release|x64
		{46786269-57B9-48E7-AA4F-8F4D84609FE6}.MinSizeRel|x64.ActiveCfg = Release|x64
		{46786269-57B9-48E7-AA4F-8F4D84609FE6}.MinSizeRel|x64.Build.0 = Release|x64
		{46786269-57B9-48E7-AA4F-8F4D84609FE6}.MinSizeRel|x86.ActiveCfg = Release|x86
		{46786269-57B9-48E7-AA4F-8F4D84609FE6}.MinSizeRel|x86.Build.0 = Release|x86
		{46786269-57B9-48E7-AA4F-8F4D84609FE6}.Nsis|Any CPU.ActiveCfg = Release|x64
		{46786269-57B9-48E7-AA4F-8F4D84609FE6}.Nsis|Any CPU.Build.0 = Release|x64
		{46786269-57B9-48E7-AA4F-8F4D84609FE6}.Nsis|x64.ActiveCfg = Release|x64
		{46786269-57B9-48E7-AA4F-8F4D84609FE6}.Nsis|x64.Build.0 = Release|x64
		{46786269-57B9-48E7-AA4F-8F4D84609FE6}.Nsis|x86.ActiveCfg = Release|x86
		{46786269-57B9-48E7-AA4F-8F4D84609FE6}.Nsis|x86.Build.0 = Release|x86
		{46786269-57B9-48E7-AA4F-8F4D84609FE6}.Release|Any CPU.ActiveCfg = Release|x86
		{46786269-57B9-48E7-AA4F-8F4D84609FE6}.Release|x64.ActiveCfg = Release|x64
		{46786269-57B9-48E7-AA4F-8F4D84609FE6}.Release|x64.Build.0 = Release|x64
		{46786269-57B9-48E7-AA4F-8F4D84609FE6}.Release|x86.ActiveCfg = Release|x86
		{46786269-57B9-48E7-AA4F-8F4D84609FE6}.Release|x86.Build.0 = Release|x86
		{46786269-57B9-48E7-AA4F-8F4D84609FE6}.ReleaseMinimal|Any CPU.ActiveCfg = Release|x64
		{46786269-57B9-48E7-AA4F-8F4D84609FE6}.ReleaseMinimal|Any CPU.Build.0 = Release|x64
		{46786269-57B9-48E7-AA4F-8F4D84609FE6}.ReleaseMinimal|x64.ActiveCfg = Release|x64
		{46786269-57B9-48E7-AA4F-8F4D84609FE6}.ReleaseMinimal|x64.Build.0 = Release|x64
		{46786269-57B9-48E7-AA4F-8F4D84609FE6}.ReleaseMinimal|x86.ActiveCfg = Release|x86
		{46786269-57B9-48E7-AA4F-8F4D84609FE6}.ReleaseMinimal|x86.Build.0 = Release|x86
		{46786269-57B9-48E7-AA4F-8F4D84609FE6}.RelWithDebInfo|Any CPU.ActiveCfg = Release|x64
		{46786269-57B9-48E7-AA4F-8F4D84609FE6}.RelWithDebInfo|Any CPU.Build.0 = Release|x64
		{46786269-57B9-48E7-AA4F-8F4D84609FE6}.RelWithDebInfo|x64.ActiveCfg = Release|x64
		{46786269-57B9-48E7-AA4F-8F4D84609FE6}.RelWithDebInfo|x64.Build.0 = Release|x64
		{46786269-57B9-48E7-AA4F-8F4D84609FE6}.RelWithDebInfo|x86.ActiveCfg = Release|x86
		{46786269-57B9-48E7-AA4F-8F4D84609FE6}.RelWithDebInfo|x86.Build.0 = Release|x86
		{31D24303-F6A9-4D53-BB03-A73EDCB3186D}.Debug|Any CPU.ActiveCfg = Debug|x86
		{31D24303-F6A9-4D53-BB03-A73EDCB3186D}.Debug|x64.ActiveCfg = Release|x64
		{31D24303-F6A9-4D53-BB03-A73EDCB3186D}.Debug|x64.Build.0 = Release|x64
		{31D24303-F6A9-4D53-BB03-A73EDCB3186D}.Debug|x86.ActiveCfg = Debug|x86
		{31D24303-F6A9-4D53-BB03-A73EDCB3186D}.Debug|x86.Build.0 = Debug|x86
		{31D24303-F6A9-4D53-BB03-A73EDCB3186D}.DebugMinimal|Any CPU.ActiveCfg = Release|x64
		{31D24303-F6A9-4D53-BB03-A73EDCB3186D}.DebugMinimal|Any CPU.Build.0 = Release|x64
		{31D24303-F6A9-4D53-BB03-A73EDCB3186D}.DebugMinimal|x64.ActiveCfg = Debug|x64
		{31D24303-F6A9-4D53-BB03-A73EDCB3186D}.DebugMinimal|x64.Build.0 = Debug|x64
		{31D24303-F6A9-4D53-BB03-A73EDCB3186D}.DebugMinimal|x86.ActiveCfg = Debug|x86
		{31D24303-F6A9-4D53-BB03-A73EDCB3186D}.DebugMinimal|x86.Build.0 = Debug|x86
		{31D24303-F6A9-4D53-BB03-A73EDCB3186D}.Documentation|Any CPU.ActiveCfg = Release|x64
		{31D24303-F6A9-4D53-BB03-A73EDCB3186D}.Documentation|Any CPU.Build.0 = Release|x64
		{31D24303-F6A9-4D53-BB03-A73EDCB3186D}.Documentation|x64.ActiveCfg = Debug|x64
		{31D24303-F6A9-4D53-BB03-A73EDCB3186D}.Documentation|x64.Build.0 = Debug|x64
		{31D24303-F6A9-4D53-BB03-A73EDCB3186D}.Documentation|x86.ActiveCfg = Debug|x86
		{31D24303-F6A9-4D53-BB03-A73EDCB3186D}.Documentation|x86.Build.0 = Debug|x86
		{31D24303-F6A9-4D53-BB03-A73EDCB3186D}.MinSizeRel|Any CPU.ActiveCfg = Release|x64
		{31D24303-F6A9-4D53-BB03-A73EDCB3186D}.MinSizeRel|Any CPU.Build.0 = Release|x64
		{31D24303-F6A9-4D53-BB03-A73EDCB3186D}.MinSizeRel|x64.ActiveCfg = Release|x64
		{31D24303-F6A9-4D53-BB03-A73EDCB3186D}.MinSizeRel|x64.Build.0 = Release|x64
		{31D24303-F6A9-4D53-BB03-A73EDCB3186D}.MinSizeRel|x86.ActiveCfg = Release|x86
		{31D24303-F6A9-4D53-BB03-A73EDCB3186D}.MinSizeRel|x86.Build.0 = Release|x86
		{31D24303-F6A9-4D53-BB03-A73EDCB3186D}.Nsis|Any CPU.ActiveCfg = Release|x64
		{31D24303-F6A9-4D53-BB03-A73EDCB3186D}.Nsis|Any CPU.Build.0 = Release|x64
		{31D24303-F6A9-4D53-BB03-A73EDCB3186D}.Nsis|x64.ActiveCfg = Release|x64
		{31D24303-F6A9-4D53-BB03-A73EDCB3186D}.Nsis|x64.Build.0 = Release|x64
		{31D24303-F6A9-4D53-BB03-A73EDCB3186D}.Nsis|x86.ActiveCfg = Release|x86
		{31D24303-F6A9-4D53-BB03-A73EDCB3186D}.Nsis|x86.Build.0 = Release|x86
		{31D24303-F6A9-4D53-BB03-A73EDCB3186D}.Release|Any CPU.ActiveCfg = Release|x86
		{31D24303-F6A9-4D53-BB03-A73EDCB3186D}.Release|x64.ActiveCfg = Release|x64
		{31D24303-F6A9-4D53-BB03-A73EDCB3186D}.Release|x64.Build.0 = Release|x64
		{31D24303-F6A9-4D53-BB03-A73EDCB3186D}.Release|x86.ActiveCfg = Release|x86
		{31D24303-F6A9-4D53-BB03-A73EDCB3186D}.Release|x86.Build.0 = Release|x86
		{31D24303-F6A9-4D53-BB03-A73EDCB3186D}.ReleaseMinimal|Any CPU.ActiveCfg = Release|x64
		{31D24303-F6A9-4D53-BB03-A73EDCB3186D}.ReleaseMinimal|Any CPU.Build.0 = Release|x64
		{31D24303-F6A9-4D53-BB03-A73EDCB3186D}.ReleaseMinimal|x64.ActiveCfg = Release|x64
		{31D24303-F6A9-4D53-BB03-A73EDCB3186D}.ReleaseMinimal|x64.Build.0 = Release|x64
		{31D24303-F6A9-4D53-BB03-A73EDCB3186D}.ReleaseMinimal|x86.ActiveCfg = Release|x86
		{31D24303-F6A9-4D53-BB03-A73EDCB3186D}.ReleaseMinimal|x86.Build.0 = Release|x86
		{31D24303-F6A9-4D53-BB03-A73EDCB3186D}.RelWithDebInfo|Any CPU.ActiveCfg = Release|x64
		{31D24303-F6A9-4D53-BB03-A73EDCB3186D}.RelWithDebInfo|Any CPU.Build.0 = Release|x64
		{31D24303-F6A9-4D53-BB03-A73EDCB3186D}.RelWithDebInfo|x64.ActiveCfg = Release|x64
		{31D24303-F6A9-4D53-BB03-A73EDCB3186D}.RelWithDebInfo|x64.Build.0 = Release|x64
		{31D24303-F6A9-4D53-BB03-A73EDCB3186D}.RelWithDebInfo|x86.ActiveCfg = Release|x86
		{31D24303-F6A9-4D53-BB03-A73EDCB3186D}.RelWithDebInfo|x86.Build.0 = Release|x86
		{D17DE83D-A592-461F-8AF2-53F9E22E1D0F}.Debug|Any CPU.ActiveCfg = Debug|x86
		{D17DE83D-A592-461F-8AF2-53F9E22E1D0F}.Debug|x64.ActiveCfg = Release|x64
		{D17DE83D-A592-461F-8AF2-53F9E22E1D0F}.Debug|x64.Build.0 = Release|x64
		{D17DE83D-A592-461F-8AF2-53F9E22E1D0F}.Debug|x86.ActiveCfg = Debug|x86
		{D17DE83D-A592-461F-8AF2-53F9E22E1D0F}.Debug|x86.Build.0 = Debug|x86
		{D17DE83D-A592-461F-8AF2-53F9E22E1D0F}.DebugMinimal|Any CPU.ActiveCfg = Release|x64
		{D17DE83D-A592-461F-8AF2-53F9E22E1D0F}.DebugMinimal|Any CPU.Build.0 = Release|x64
		{D17DE83D-A592-461F-8AF2-53F9E22E1D0F}.DebugMinimal|x64.ActiveCfg = Debug|x64
		{D17DE83D-A592-461F-8AF2-53F9E22E1D0F}.DebugMinimal|x64.Build.0 = Debug|x64
		{D17DE83D-A592-461F-8AF2-53F9E22E1D0F}.DebugMinimal|x86.ActiveCfg = Debug|x86
		{D17DE83D-A592-461F-8AF2-53F9E22E1D0F}.DebugMinimal|x86.Build.0 = Debug|x86
		{D17DE83D-A592-461F-8AF2-53F9E22E1D0F}.Documentation|Any CPU.ActiveCfg = Release|x64
		{D17DE83D-A592-461F-8AF2-53F9E22E1D0F}.Documentation|Any CPU.Build.0 = Release|x64
		{D17DE83D-A592-461F-8AF2-53F9E22E1D0F}.Documentation|x64.ActiveCfg = Debug|x64
		{D17DE83D-A592-461F-8AF2-53F9E22E1D0F}.Documentation|x64.Build.0 = Debug|x64
		{D17DE83D-A592-461F-8AF2-53F9E22E1D0F}.Documentation|x86.ActiveCfg = Debug|x86
		{D17DE83D-A592-461F-8AF2-53F9E22E1D0F}.Documentation|x86.Build.0 = Debug|x86
		{D17DE83D-A592-461F-8AF2-53F9E22E1D0F}.MinSizeRel|Any CPU.ActiveCfg = Release|x64
		{D17DE83D-A592-461F-8AF2-53F9E22E1D0F}.MinSizeRel|Any CPU.Build.0 = Release|x64
		{D17DE83D-A592-461F-8AF2-53F9E22E1D0F}.MinSizeRel|x64.ActiveCfg = Release|x64
		{D17DE83D-A592-461F-8AF2-53F9E22E1D0F}.MinSizeRel|x64.Build.0 = Release|x64
		{D17DE83D-A592-461F-8AF2-53F9E22E1D0F}.MinSizeRel|x86.ActiveCfg = Release|x86
		{D17DE83D-A592-461F-8AF2-53F9E22E1D0F}.MinSizeRel|x86.Build.0 = Release|x86
		{D17DE83D-A592-461F-8AF2-53F9E22E1D0F}.Nsis|Any CPU.ActiveCfg = Release|x64
		{D17DE83D-A592-461F-8AF2-53F9E22E1D0F}.Nsis|Any CPU.Build.0 = Release|x64
		{D17DE83D-A592-461F-8AF2-53F9E22E1D0F}.Nsis|x64.ActiveCfg = Release|x64
		{D17DE83D-A592-461F-8AF2-53F9E22E1D0F}.Nsis|x64.Build.0 = Release|x64
		{D17DE83D-A592-461F-8AF2-53F9E22E1D0F}.Nsis|x86.ActiveCfg = Release|x86
		{D17DE83D-A592-461F-8AF2-53F9E22E1D0F}.Nsis|x86.Build.0 = Release|x86
		{D17DE83D-A592-461F-8AF2-53F9E22E1D0F}.Release|Any CPU.ActiveCfg = Release|x86
		{D17DE83D-A592-461F-8AF2-53F9E22E1D0F}.Release|x64.ActiveCfg = Release|x64
		{D17DE83D-A592-461F-8AF2-53F9E22E1D0F}.Release|x64.Build.0 = Release|x64
		{D17DE83D-A592-461F-8AF2-53F9E22E1D0F}.Release|x86.ActiveCfg = Release|x86
		{D17DE83D-A592-461F-8AF2-53F9E22E1D0F}.Release|x86.Build.0 = Release|x86
		{D17DE83D-A592-461F-8AF2-53F9E22E1D0F}.ReleaseMinimal|Any CPU.ActiveCfg = Release|x64
		{D17DE83D-A592-461F-8AF2-53F9E22E1D0F}.ReleaseMinimal|Any CPU.Build.0 = Release|x64
		{D17DE83D-A592-461F-8AF2-53F9E22E1D0F}.ReleaseMinimal|x64.ActiveCfg = Release|x64
		{D17DE83D-A592-461F-8AF2-53F9E22E1D0F}.ReleaseMinimal|x64.Build.0 = Release|x64
		{D17DE83D-A592-461F-8AF2-53F9E22E1D0F}.ReleaseMinimal|x86.ActiveCfg = Release|x86
		{D17DE83D-A592-461F-8AF2-53F9E22E1D0F}.ReleaseMinimal|x86.Build.0 = Release|x86
		{D17DE83D-A592-461F-8AF2-53F9E22E1D0F}.RelWithDebInfo|Any CPU.ActiveCfg = Release|x64
		{D17DE83D-A592-461F-8AF2-53F9E22E1D0F}.RelWithDebInfo|Any CPU.Build.0 = Release|x64
		{D17DE83D-A592-461F-8AF2-53F9E22E1D0F}.RelWithDebInfo|x64.ActiveCfg = Release|x64
		{D17DE83D-A592-461F-8AF2-53F9E22E1D0F}.RelWithDebInfo|x64.Build.0 = Release|x64
		{D17DE83D-A592-461F-8AF2-53F9E22E1D0F}.RelWithDebInfo|x86.ActiveCfg = Release|x86
		{D17DE83D-A592-461F-8AF2-53F9E22E1D0F}.RelWithDebInfo|x86.Build.0 = Release|x86
		{C27DB390-B043-3BE0-8ED4-DE41BB6FBC17}.Debug|Any CPU.ActiveCfg = Debug|x64
		{C27DB390-B043-3BE0-8ED4-DE41BB6FBC17}.Debug|x64.ActiveCfg = Release|x64
		{C27DB390-B043-3BE0-8ED4-DE41BB6FBC17}.Debug|x64.Build.0 = Release|x64
		{C27DB390-B043-3BE0-8ED4-DE41BB6FBC17}.Debug|x86.ActiveCfg = Debug|x64
		{C27DB390-B043-3BE0-8ED4-DE41BB6FBC17}.DebugMinimal|Any CPU.ActiveCfg = MinSizeRel|x64
		{C27DB390-B043-3BE0-8ED4-DE41BB6FBC17}.DebugMinimal|Any CPU.Build.0 = MinSizeRel|x64
		{C27DB390-B043-3BE0-8ED4-DE41BB6FBC17}.DebugMinimal|x64.ActiveCfg = Debug|x64
		{C27DB390-B043-3BE0-8ED4-DE41BB6FBC17}.DebugMinimal|x64.Build.0 = Debug|x64
		{C27DB390-B043-3BE0-8ED4-DE41BB6FBC17}.DebugMinimal|x86.ActiveCfg = MinSizeRel|x64
		{C27DB390-B043-3BE0-8ED4-DE41BB6FBC17}.DebugMinimal|x86.Build.0 = MinSizeRel|x64
		{C27DB390-B043-3BE0-8ED4-DE41BB6FBC17}.Documentation|Any CPU.ActiveCfg = MinSizeRel|x64
		{C27DB390-B043-3BE0-8ED4-DE41BB6FBC17}.Documentation|Any CPU.Build.0 = MinSizeRel|x64
		{C27DB390-B043-3BE0-8ED4-DE41BB6FBC17}.Documentation|x64.ActiveCfg = Debug|x64
		{C27DB390-B043-3BE0-8ED4-DE41BB6FBC17}.Documentation|x64.Build.0 = Debug|x64
		{C27DB390-B043-3BE0-8ED4-DE41BB6FBC17}.Documentation|x86.ActiveCfg = MinSizeRel|x64
		{C27DB390-B043-3BE0-8ED4-DE41BB6FBC17}.Documentation|x86.Build.0 = MinSizeRel|x64
		{C27DB390-B043-3BE0-8ED4-DE41BB6FBC17}.MinSizeRel|Any CPU.ActiveCfg = MinSizeRel|x64
		{C27DB390-B043-3BE0-8ED4-DE41BB6FBC17}.MinSizeRel|x64.ActiveCfg = MinSizeRel|x64
		{C27DB390-B043-3BE0-8ED4-DE41BB6FBC17}.MinSizeRel|x64.Build.0 = MinSizeRel|x64
		{C27DB390-B043-3BE0-8ED4-DE41BB6FBC17}.MinSizeRel|x86.ActiveCfg = MinSizeRel|x64
		{C27DB390-B043-3BE0-8ED4-DE41BB6FBC17}.Nsis|Any CPU.ActiveCfg = MinSizeRel|x64
		{C27DB390-B043-3BE0-8ED4-DE41BB6FBC17}.Nsis|Any CPU.Build.0 = MinSizeRel|x64
		{C27DB390-B043-3BE0-8ED4-DE41BB6FBC17}.Nsis|x64.ActiveCfg = MinSizeRel|x64
		{C27DB390-B043-3BE0-8ED4-DE41BB6FBC17}.Nsis|x64.Build.0 = MinSizeRel|x64
		{C27DB390-B043-3BE0-8ED4-DE41BB6FBC17}.Nsis|x86.ActiveCfg = MinSizeRel|x64
		{C27DB390-B043-3BE0-8ED4-DE41BB6FBC17}.Nsis|x86.Build.0 = MinSizeRel|x64
		{C27DB390-B043-3BE0-8ED4-DE41BB6FBC17}.Release|Any CPU.ActiveCfg = Release|x64
		{C27DB390-B043-3BE0-8ED4-DE41BB6FBC17}.Release|x64.ActiveCfg = Release|x64
		{C27DB390-B043-3BE0-8ED4-DE41BB6FBC17}.Release|x64.Build.0 = Release|x64
		{C27DB390-B043-3BE0-8ED4-DE41BB6FBC17}.Release|x86.ActiveCfg = Release|x64
		{C27DB390-B043-3BE0-8ED4-DE41BB6FBC17}.ReleaseMinimal|Any CPU.ActiveCfg = MinSizeRel|x64
		{C27DB390-B043-3BE0-8ED4-DE41BB6FBC17}.ReleaseMinimal|Any CPU.Build.0 = MinSizeRel|x64
		{C27DB390-B043-3BE0-8ED4-DE41BB6FBC17}.ReleaseMinimal|x64.ActiveCfg = Release|x64
		{C27DB390-B043-3BE0-8ED4-DE41BB6FBC17}.ReleaseMinimal|x64.Build.0 = Release|x64
		{C27DB390-B043-3BE0-8ED4-DE41BB6FBC17}.ReleaseMinimal|x86.ActiveCfg = MinSizeRel|x64
		{C27DB390-B043-3BE0-8ED4-DE41BB6FBC17}.ReleaseMinimal|x86.Build.0 = MinSizeRel|x64
		{C27DB390-B043-3BE0-8ED4-DE41BB6FBC17}.RelWithDebInfo|Any CPU.ActiveCfg = RelWithDebInfo|x64
		{C27DB390-B043-3BE0-8ED4-DE41BB6FBC17}.RelWithDebInfo|x64.ActiveCfg = RelWithDebInfo|x64
		{C27DB390-B043-3BE0-8ED4-DE41BB6FBC17}.RelWithDebInfo|x64.Build.0 = RelWithDebInfo|x64
		{C27DB390-B043-3BE0-8ED4-DE41BB6FBC17}.RelWithDebInfo|x86.ActiveCfg = RelWithDebInfo|x64
		{003D1D3D-310C-39BE-B875-1938E55CBF42}.Debug|Any CPU.ActiveCfg = Debug|x64
		{003D1D3D-310C-39BE-B875-1938E55CBF42}.Debug|x64.ActiveCfg = Release|x64
		{003D1D3D-310C-39BE-B875-1938E55CBF42}.Debug|x64.Build.0 = Release|x64
		{003D1D3D-310C-39BE-B875-1938E55CBF42}.Debug|x86.ActiveCfg = Debug|x64
		{003D1D3D-310C-39BE-B875-1938E55CBF42}.DebugMinimal|Any CPU.ActiveCfg = MinSizeRel|x64
		{003D1D3D-310C-39BE-B875-1938E55CBF42}.DebugMinimal|Any CPU.Build.0 = MinSizeRel|x64
		{003D1D3D-310C-39BE-B875-1938E55CBF42}.DebugMinimal|x64.ActiveCfg = Debug|x64
		{003D1D3D-310C-39BE-B875-1938E55CBF42}.DebugMinimal|x64.Build.0 = Debug|x64
		{003D1D3D-310C-39BE-B875-1938E55CBF42}.DebugMinimal|x86.ActiveCfg = MinSizeRel|x64
		{003D1D3D-310C-39BE-B875-1938E55CBF42}.DebugMinimal|x86.Build.0 = MinSizeRel|x64
		{003D1D3D-310C-39BE-B875-1938E55CBF42}.Documentation|Any CPU.ActiveCfg = MinSizeRel|x64
		{003D1D3D-310C-39BE-B875-1938E55CBF42}.Documentation|Any CPU.Build.0 = MinSizeRel|x64
		{003D1D3D-310C-39BE-B875-1938E55CBF42}.Documentation|x64.ActiveCfg = Debug|x64
		{003D1D3D-310C-39BE-B875-1938E55CBF42}.Documentation|x64.Build.0 = Debug|x64
		{003D1D3D-310C-39BE-B875-1938E55CBF42}.Documentation|x86.ActiveCfg = MinSizeRel|x64
		{003D1D3D-310C-39BE-B875-1938E55CBF42}.Documentation|x86.Build.0 = MinSizeRel|x64
		{003D1D3D-310C-39BE-B875-1938E55CBF42}.MinSizeRel|Any CPU.ActiveCfg = MinSizeRel|x64
		{003D1D3D-310C-39BE-B875-1938E55CBF42}.MinSizeRel|x64.ActiveCfg = MinSizeRel|x64
		{003D1D3D-310C-39BE-B875-1938E55CBF42}.MinSizeRel|x64.Build.0 = MinSizeRel|x64
		{003D1D3D-310C-39BE-B875-1938E55CBF42}.MinSizeRel|x86.ActiveCfg = MinSizeRel|x64
		{003D1D3D-310C-39BE-B875-1938E55CBF42}.Nsis|Any CPU.ActiveCfg = MinSizeRel|x64
		{003D1D3D-310C-39BE-B875-1938E55CBF42}.Nsis|Any CPU.Build.0 = MinSizeRel|x64
		{003D1D3D-310C-39BE-B875-1938E55CBF42}.Nsis|x64.ActiveCfg = MinSizeRel|x64
		{003D1D3D-310C-39BE-B875-1938E55CBF42}.Nsis|x64.Build.0 = MinSizeRel|x64
		{003D1D3D-310C-39BE-B875-1938E55CBF42}.Nsis|x86.ActiveCfg = MinSizeRel|x64
		{003D1D3D-310C-39BE-B875-1938E55CBF42}.Nsis|x86.Build.0 = MinSizeRel|x64
		{003D1D3D-310C-39BE-B875-1938E55CBF42}.Release|Any CPU.ActiveCfg = Release|x64
		{003D1D3D-310C-39BE-B875-1938E55CBF42}.Release|x64.ActiveCfg = Release|x64
		{003D1D3D-310C-39BE-B875-1938E55CBF42}.Release|x64.Build.0 = Release|x64
		{003D1D3D-310C-39BE-B875-1938E55CBF42}.Release|x86.ActiveCfg = Release|x64
		{003D1D3D-310C-39BE-B875-1938E55CBF42}.ReleaseMinimal|Any CPU.ActiveCfg = MinSizeRel|x64
		{003D1D3D-310C-39BE-B875-1938E55CBF42}.ReleaseMinimal|Any CPU.Build.0 = MinSizeRel|x64
		{003D1D3D-310C-39BE-B875-1938E55CBF42}.ReleaseMinimal|x64.ActiveCfg = Release|x64
		{003D1D3D-310C-39BE-B875-1938E55CBF42}.ReleaseMinimal|x64.Build.0 = Release|x64
		{003D1D3D-310C-39BE-B875-1938E55CBF42}.ReleaseMinimal|x86.ActiveCfg = MinSizeRel|x64
		{003D1D3D-310C-39BE-B875-1938E55CBF42}.ReleaseMinimal|x86.Build.0 = MinSizeRel|x64
		{003D1D3D-310C-39BE-B875-1938E55CBF42}.RelWithDebInfo|Any CPU.ActiveCfg = RelWithDebInfo|x64
		{003D1D3D-310C-39BE-B875-1938E55CBF42}.RelWithDebInfo|x64.ActiveCfg = RelWithDebInfo|x64
		{003D1D3D-310C-39BE-B875-1938E55CBF42}.RelWithDebInfo|x64.Build.0 = RelWithDebInfo|x64
		{003D1D3D-310C-39BE-B875-1938E55CBF42}.RelWithDebInfo|x86.ActiveCfg = RelWithDebInfo|x64
		{DA7FEB70-C3F4-336C-ADC0-6B5BC1E42E6C}.Debug|Any CPU.ActiveCfg = Debug|x64
		{DA7FEB70-C3F4-336C-ADC0-6B5BC1E42E6C}.Debug|x64.ActiveCfg = Release|x64
		{DA7FEB70-C3F4-336C-ADC0-6B5BC1E42E6C}.Debug|x64.Build.0 = Release|x64
		{DA7FEB70-C3F4-336C-ADC0-6B5BC1E42E6C}.Debug|x86.ActiveCfg = Debug|x64
		{DA7FEB70-C3F4-336C-ADC0-6B5BC1E42E6C}.DebugMinimal|Any CPU.ActiveCfg = MinSizeRel|x64
		{DA7FEB70-C3F4-336C-ADC0-6B5BC1E42E6C}.DebugMinimal|Any CPU.Build.0 = MinSizeRel|x64
		{DA7FEB70-C3F4-336C-ADC0-6B5BC1E42E6C}.DebugMinimal|x64.ActiveCfg = Debug|x64
		{DA7FEB70-C3F4-336C-ADC0-6B5BC1E42E6C}.DebugMinimal|x64.Build.0 = Debug|x64
		{DA7FEB70-C3F4-336C-ADC0-6B5BC1E42E6C}.DebugMinimal|x86.ActiveCfg = MinSizeRel|x64
		{DA7FEB70-C3F4-336C-ADC0-6B5BC1E42E6C}.DebugMinimal|x86.Build.0 = MinSizeRel|x64
		{DA7FEB70-C3F4-336C-ADC0-6B5BC1E42E6C}.Documentation|Any CPU.ActiveCfg = MinSizeRel|x64
		{DA7FEB70-C3F4-336C-ADC0-6B5BC1E42E6C}.Documentation|Any CPU.Build.0 = MinSizeRel|x64
		{DA7FEB70-C3F4-336C-ADC0-6B5BC1E42E6C}.Documentation|x64.ActiveCfg = Debug|x64
		{DA7FEB70-C3F4-336C-ADC0-6B5BC1E42E6C}.Documentation|x64.Build.0 = Debug|x64
		{DA7FEB70-C3F4-336C-ADC0-6B5BC1E42E6C}.Documentation|x86.ActiveCfg = MinSizeRel|x64
		{DA7FEB70-C3F4-336C-ADC0-6B5BC1E42E6C}.Documentation|x86.Build.0 = MinSizeRel|x64
		{DA7FEB70-C3F4-336C-ADC0-6B5BC1E42E6C}.MinSizeRel|Any CPU.ActiveCfg = MinSizeRel|x64
		{DA7FEB70-C3F4-336C-ADC0-6B5BC1E42E6C}.MinSizeRel|x64.ActiveCfg = MinSizeRel|x64
		{DA7FEB70-C3F4-336C-ADC0-6B5BC1E42E6C}.MinSizeRel|x64.Build.0 = MinSizeRel|x64
		{DA7FEB70-C3F4-336C-ADC0-6B5BC1E42E6C}.MinSizeRel|x86.ActiveCfg = MinSizeRel|x64
		{DA7FEB70-C3F4-336C-ADC0-6B5BC1E42E6C}.Nsis|Any CPU.ActiveCfg = MinSizeRel|x64
		{DA7FEB70-C3F4-336C-ADC0-6B5BC1E42E6C}.Nsis|Any CPU.Build.0 = MinSizeRel|x64
		{DA7FEB70-C3F4-336C-ADC0-6B5BC1E42E6C}.Nsis|x64.ActiveCfg = MinSizeRel|x64
		{DA7FEB70-C3F4-336C-ADC0-6B5BC1E42E6C}.Nsis|x64.Build.0 = MinSizeRel|x64
		{DA7FEB70-C3F4-336C-ADC0-6B5BC1E42E6C}.Nsis|x86.ActiveCfg = MinSizeRel|x64
		{DA7FEB70-C3F4-336C-ADC0-6B5BC1E42E6C}.Nsis|x86.Build.0 = MinSizeRel|x64
		{DA7FEB70-C3F4-336C-ADC0-6B5BC1E42E6C}.Release|Any CPU.ActiveCfg = Release|x64
		{DA7FEB70-C3F4-336C-ADC0-6B5BC1E42E6C}.Release|x64.ActiveCfg = Release|x64
		{DA7FEB70-C3F4-336C-ADC0-6B5BC1E42E6C}.Release|x64.Build.0 = Release|x64
		{DA7FEB70-C3F4-336C-ADC0-6B5BC1E42E6C}.Release|x86.ActiveCfg = Release|x64
		{DA7FEB70-C3F4-336C-ADC0-6B5BC1E42E6C}.ReleaseMinimal|Any CPU.ActiveCfg = MinSizeRel|x64
		{DA7FEB70-C3F4-336C-ADC0-6B5BC1E42E6C}.ReleaseMinimal|Any CPU.Build.0 = MinSizeRel|x64
		{DA7FEB70-C3F4-336C-ADC0-6B5BC1E42E6C}.ReleaseMinimal|x64.ActiveCfg = Release|x64
		{DA7FEB70-C3F4-336C-ADC0-6B5BC1E42E6C}.ReleaseMinimal|x64.Build.0 = Release|x64
		{DA7FEB70-C3F4-336C-ADC0-6B5BC1E42E6C}.ReleaseMinimal|x86.ActiveCfg = MinSizeRel|x64
		{DA7FEB70-C3F4-336C-ADC0-6B5BC1E42E6C}.ReleaseMinimal|x86.Build.0 = MinSizeRel|x64
		{DA7FEB70-C3F4-336C-ADC0-6B5BC1E42E6C}.RelWithDebInfo|Any CPU.ActiveCfg = RelWithDebInfo|x64
		{DA7FEB70-C3F4-336C-ADC0-6B5BC1E42E6C}.RelWithDebInfo|x64.ActiveCfg = RelWithDebInfo|x64
		{DA7FEB70-C3F4-336C-ADC0-6B5BC1E42E6C}.RelWithDebInfo|x64.Build.0 = RelWithDebInfo|x64
		{DA7FEB70-C3F4-336C-ADC0-6B5BC1E42E6C}.RelWithDebInfo|x86.ActiveCfg = RelWithDebInfo|x64
		{C2EB9F7F-02AE-3829-8C87-DD72DCC76571}.Debug|Any CPU.ActiveCfg = Debug|x64
		{C2EB9F7F-02AE-3829-8C87-DD72DCC76571}.Debug|x64.ActiveCfg = Release|x64
		{C2EB9F7F-02AE-3829-8C87-DD72DCC76571}.Debug|x64.Build.0 = Release|x64
		{C2EB9F7F-02AE-3829-8C87-DD72DCC76571}.Debug|x86.ActiveCfg = Debug|x64
		{C2EB9F7F-02AE-3829-8C87-DD72DCC76571}.DebugMinimal|Any CPU.ActiveCfg = MinSizeRel|x64
		{C2EB9F7F-02AE-3829-8C87-DD72DCC76571}.DebugMinimal|Any CPU.Build.0 = MinSizeRel|x64
		{C2EB9F7F-02AE-3829-8C87-DD72DCC76571}.DebugMinimal|x64.ActiveCfg = Debug|x64
		{C2EB9F7F-02AE-3829-8C87-DD72DCC76571}.DebugMinimal|x64.Build.0 = Debug|x64
		{C2EB9F7F-02AE-3829-8C87-DD72DCC76571}.DebugMinimal|x86.ActiveCfg = MinSizeRel|x64
		{C2EB9F7F-02AE-3829-8C87-DD72DCC76571}.DebugMinimal|x86.Build.0 = MinSizeRel|x64
		{C2EB9F7F-02AE-3829-8C87-DD72DCC76571}.Documentation|Any CPU.ActiveCfg = MinSizeRel|x64
		{C2EB9F7F-02AE-3829-8C87-DD72DCC76571}.Documentation|Any CPU.Build.0 = MinSizeRel|x64
		{C2EB9F7F-02AE-3829-8C87-DD72DCC76571}.Documentation|x64.ActiveCfg = Debug|x64
		{C2EB9F7F-02AE-3829-8C87-DD72DCC76571}.Documentation|x64.Build.0 = Debug|x64
		{C2EB9F7F-02AE-3829-8C87-DD72DCC76571}.Documentation|x86.ActiveCfg = MinSizeRel|x64
		{C2EB9F7F-02AE-3829-8C87-DD72DCC76571}.Documentation|x86.Build.0 = MinSizeRel|x64
		{C2EB9F7F-02AE-3829-8C87-DD72DCC76571}.MinSizeRel|Any CPU.ActiveCfg = MinSizeRel|x64
		{C2EB9F7F-02AE-3829-8C87-DD72DCC76571}.MinSizeRel|x64.ActiveCfg = MinSizeRel|x64
		{C2EB9F7F-02AE-3829-8C87-DD72DCC76571}.MinSizeRel|x64.Build.0 = MinSizeRel|x64
		{C2EB9F7F-02AE-3829-8C87-DD72DCC76571}.MinSizeRel|x86.ActiveCfg = MinSizeRel|x64
		{C2EB9F7F-02AE-3829-8C87-DD72DCC76571}.Nsis|Any CPU.ActiveCfg = MinSizeRel|x64
		{C2EB9F7F-02AE-3829-8C87-DD72DCC76571}.Nsis|Any CPU.Build.0 = MinSizeRel|x64
		{C2EB9F7F-02AE-3829-8C87-DD72DCC76571}.Nsis|x64.ActiveCfg = MinSizeRel|x64
		{C2EB9F7F-02AE-3829-8C87-DD72DCC76571}.Nsis|x64.Build.0 = MinSizeRel|x64
		{C2EB9F7F-02AE-3829-8C87-DD72DCC76571}.Nsis|x86.ActiveCfg = MinSizeRel|x64
		{C2EB9F7F-02AE-3829-8C87-DD72DCC76571}.Nsis|x86.Build.0 = MinSizeRel|x64
		{C2EB9F7F-02AE-3829-8C87-DD72DCC76571}.Release|Any CPU.ActiveCfg = Release|x64
		{C2EB9F7F-02AE-3829-8C87-DD72DCC76571}.Release|x64.ActiveCfg = Release|x64
		{C2EB9F7F-02AE-3829-8C87-DD72DCC76571}.Release|x64.Build.0 = Release|x64
		{C2EB9F7F-02AE-3829-8C87-DD72DCC76571}.Release|x86.ActiveCfg = Release|x64
		{C2EB9F7F-02AE-3829-8C87-DD72DCC76571}.ReleaseMinimal|Any CPU.ActiveCfg = MinSizeRel|x64
		{C2EB9F7F-02AE-3829-8C87-DD72DCC76571}.ReleaseMinimal|Any CPU.Build.0 = MinSizeRel|x64
		{C2EB9F7F-02AE-3829-8C87-DD72DCC76571}.ReleaseMinimal|x64.ActiveCfg = Release|x64
		{C2EB9F7F-02AE-3829-8C87-DD72DCC76571}.ReleaseMinimal|x64.Build.0 = Release|x64
		{C2EB9F7F-02AE-3829-8C87-DD72DCC76571}.ReleaseMinimal|x86.ActiveCfg = MinSizeRel|x64
		{C2EB9F7F-02AE-3829-8C87-DD72DCC76571}.ReleaseMinimal|x86.Build.0 = MinSizeRel|x64
		{C2EB9F7F-02AE-3829-8C87-DD72DCC76571}.RelWithDebInfo|Any CPU.ActiveCfg = RelWithDebInfo|x64
		{C2EB9F7F-02AE-3829-8C87-DD72DCC76571}.RelWithDebInfo|x64.ActiveCfg = RelWithDebInfo|x64
		{C2EB9F7F-02AE-3829-8C87-DD72DCC76571}.RelWithDebInfo|x64.Build.0 = RelWithDebInfo|x64
		{C2EB9F7F-02AE-3829-8C87-DD72DCC76571}.RelWithDebInfo|x86.ActiveCfg = RelWithDebInfo|x64
		{F999B543-BDD1-3E95-B696-E103C4ED8370}.Debug|Any CPU.ActiveCfg = Debug|x64
		{F999B543-BDD1-3E95-B696-E103C4ED8370}.Debug|x64.ActiveCfg = Release|x64
		{F999B543-BDD1-3E95-B696-E103C4ED8370}.Debug|x64.Build.0 = Release|x64
		{F999B543-BDD1-3E95-B696-E103C4ED8370}.Debug|x86.ActiveCfg = Debug|x64
		{F999B543-BDD1-3E95-B696-E103C4ED8370}.DebugMinimal|Any CPU.ActiveCfg = MinSizeRel|x64
		{F999B543-BDD1-3E95-B696-E103C4ED8370}.DebugMinimal|Any CPU.Build.0 = MinSizeRel|x64
		{F999B543-BDD1-3E95-B696-E103C4ED8370}.DebugMinimal|x64.ActiveCfg = Debug|x64
		{F999B543-BDD1-3E95-B696-E103C4ED8370}.DebugMinimal|x64.Build.0 = Debug|x64
		{F999B543-BDD1-3E95-B696-E103C4ED8370}.DebugMinimal|x86.ActiveCfg = MinSizeRel|x64
		{F999B543-BDD1-3E95-B696-E103C4ED8370}.DebugMinimal|x86.Build.0 = MinSizeRel|x64
		{F999B543-BDD1-3E95-B696-E103C4ED8370}.Documentation|Any CPU.ActiveCfg = MinSizeRel|x64
		{F999B543-BDD1-3E95-B696-E103C4ED8370}.Documentation|Any CPU.Build.0 = MinSizeRel|x64
		{F999B543-BDD1-3E95-B696-E103C4ED8370}.Documentation|x64.ActiveCfg = Debug|x64
		{F999B543-BDD1-3E95-B696-E103C4ED8370}.Documentation|x64.Build.0 = Debug|x64
		{F999B543-BDD1-3E95-B696-E103C4ED8370}.Documentation|x86.ActiveCfg = MinSizeRel|x64
		{F999B543-BDD1-3E95-B696-E103C4ED8370}.Documentation|x86.Build.0 = MinSizeRel|x64
		{F999B543-BDD1-3E95-B696-E103C4ED8370}.MinSizeRel|Any CPU.ActiveCfg = MinSizeRel|x64
		{F999B543-BDD1-3E95-B696-E103C4ED8370}.MinSizeRel|x64.ActiveCfg = MinSizeRel|x64
		{F999B543-BDD1-3E95-B696-E103C4ED8370}.MinSizeRel|x64.Build.0 = MinSizeRel|x64
		{F999B543-BDD1-3E95-B696-E103C4ED8370}.MinSizeRel|x86.ActiveCfg = MinSizeRel|x64
		{F999B543-BDD1-3E95-B696-E103C4ED8370}.Nsis|Any CPU.ActiveCfg = MinSizeRel|x64
		{F999B543-BDD1-3E95-B696-E103C4ED8370}.Nsis|Any CPU.Build.0 = MinSizeRel|x64
		{F999B543-BDD1-3E95-B696-E103C4ED8370}.Nsis|x64.ActiveCfg = MinSizeRel|x64
		{F999B543-BDD1-3E95-B696-E103C4ED8370}.Nsis|x64.Build.0 = MinSizeRel|x64
		{F999B543-BDD1-3E95-B696-E103C4ED8370}.Nsis|x86.ActiveCfg = MinSizeRel|x64
		{F999B543-BDD1-3E95-B696-E103C4ED8370}.Nsis|x86.Build.0 = MinSizeRel|x64
		{F999B543-BDD1-3E95-B696-E103C4ED8370}.Release|Any CPU.ActiveCfg = Release|x64
		{F999B543-BDD1-3E95-B696-E103C4ED8370}.Release|x64.ActiveCfg = Release|x64
		{F999B543-BDD1-3E95-B696-E103C4ED8370}.Release|x64.Build.0 = Release|x64
		{F999B543-BDD1-3E95-B696-E103C4ED8370}.Release|x86.ActiveCfg = Release|x64
		{F999B543-BDD1-3E95-B696-E103C4ED8370}.ReleaseMinimal|Any CPU.ActiveCfg = MinSizeRel|x64
		{F999B543-BDD1-3E95-B696-E103C4ED8370}.ReleaseMinimal|Any CPU.Build.0 = MinSizeRel|x64
		{F999B543-BDD1-3E95-B696-E103C4ED8370}.ReleaseMinimal|x64.ActiveCfg = Release|x64
		{F999B543-BDD1-3E95-B696-E103C4ED8370}.ReleaseMinimal|x64.Build.0 = Release|x64
		{F999B543-BDD1-3E95-B696-E103C4ED8370}.ReleaseMinimal|x86.ActiveCfg = MinSizeRel|x64
		{F999B543-BDD1-3E95-B696-E103C4ED8370}.ReleaseMinimal|x86.Build.0 = MinSizeRel|x64
		{F999B543-BDD1-3E95-B696-E103C4ED8370}.RelWithDebInfo|Any CPU.ActiveCfg = RelWithDebInfo|x64
		{F999B543-BDD1-3E95-B696-E103C4ED8370}.RelWithDebInfo|x64.ActiveCfg = RelWithDebInfo|x64
		{F999B543-BDD1-3E95-B696-E103C4ED8370}.RelWithDebInfo|x64.Build.0 = RelWithDebInfo|x64
		{F999B543-BDD1-3E95-B696-E103C4ED8370}.RelWithDebInfo|x86.ActiveCfg = RelWithDebInfo|x64
		{506195C8-DFE2-356D-A48A-AFB3D34A2DEB}.Debug|Any CPU.ActiveCfg = Debug|x64
		{506195C8-DFE2-356D-A48A-AFB3D34A2DEB}.Debug|x64.ActiveCfg = Release|x64
		{506195C8-DFE2-356D-A48A-AFB3D34A2DEB}.Debug|x64.Build.0 = Release|x64
		{506195C8-DFE2-356D-A48A-AFB3D34A2DEB}.Debug|x86.ActiveCfg = Debug|x64
		{506195C8-DFE2-356D-A48A-AFB3D34A2DEB}.DebugMinimal|Any CPU.ActiveCfg = MinSizeRel|x64
		{506195C8-DFE2-356D-A48A-AFB3D34A2DEB}.DebugMinimal|Any CPU.Build.0 = MinSizeRel|x64
		{506195C8-DFE2-356D-A48A-AFB3D34A2DEB}.DebugMinimal|x64.ActiveCfg = Debug|x64
		{506195C8-DFE2-356D-A48A-AFB3D34A2DEB}.DebugMinimal|x64.Build.0 = Debug|x64
		{506195C8-DFE2-356D-A48A-AFB3D34A2DEB}.DebugMinimal|x86.ActiveCfg = MinSizeRel|x64
		{506195C8-DFE2-356D-A48A-AFB3D34A2DEB}.DebugMinimal|x86.Build.0 = MinSizeRel|x64
		{506195C8-DFE2-356D-A48A-AFB3D34A2DEB}.Documentation|Any CPU.ActiveCfg = MinSizeRel|x64
		{506195C8-DFE2-356D-A48A-AFB3D34A2DEB}.Documentation|Any CPU.Build.0 = MinSizeRel|x64
		{506195C8-DFE2-356D-A48A-AFB3D34A2DEB}.Documentation|x64.ActiveCfg = Debug|x64
		{506195C8-DFE2-356D-A48A-AFB3D34A2DEB}.Documentation|x64.Build.0 = Debug|x64
		{506195C8-DFE2-356D-A48A-AFB3D34A2DEB}.Documentation|x86.ActiveCfg = MinSizeRel|x64
		{506195C8-DFE2-356D-A48A-AFB3D34A2DEB}.Documentation|x86.Build.0 = MinSizeRel|x64
		{506195C8-DFE2-356D-A48A-AFB3D34A2DEB}.MinSizeRel|Any CPU.ActiveCfg = MinSizeRel|x64
		{506195C8-DFE2-356D-A48A-AFB3D34A2DEB}.MinSizeRel|x64.ActiveCfg = MinSizeRel|x64
		{506195C8-DFE2-356D-A48A-AFB3D34A2DEB}.MinSizeRel|x64.Build.0 = MinSizeRel|x64
		{506195C8-DFE2-356D-A48A-AFB3D34A2DEB}.MinSizeRel|x86.ActiveCfg = MinSizeRel|x64
		{506195C8-DFE2-356D-A48A-AFB3D34A2DEB}.Nsis|Any CPU.ActiveCfg = MinSizeRel|x64
		{506195C8-DFE2-356D-A48A-AFB3D34A2DEB}.Nsis|Any CPU.Build.0 = MinSizeRel|x64
		{506195C8-DFE2-356D-A48A-AFB3D34A2DEB}.Nsis|x64.ActiveCfg = MinSizeRel|x64
		{506195C8-DFE2-356D-A48A-AFB3D34A2DEB}.Nsis|x64.Build.0 = MinSizeRel|x64
		{506195C8-DFE2-356D-A48A-AFB3D34A2DEB}.Nsis|x86.ActiveCfg = MinSizeRel|x64
		{506195C8-DFE2-356D-A48A-AFB3D34A2DEB}.Nsis|x86.Build.0 = MinSizeRel|x64
		{506195C8-DFE2-356D-A48A-AFB3D34A2DEB}.Release|Any CPU.ActiveCfg = Release|x64
		{506195C8-DFE2-356D-A48A-AFB3D34A2DEB}.Release|x64.ActiveCfg = Release|x64
		{506195C8-DFE2-356D-A48A-AFB3D34A2DEB}.Release|x64.Build.0 = Release|x64
		{506195C8-DFE2-356D-A48A-AFB3D34A2DEB}.Release|x86.ActiveCfg = Release|x64
		{506195C8-DFE2-356D-A48A-AFB3D34A2DEB}.ReleaseMinimal|Any CPU.ActiveCfg = MinSizeRel|x64
		{506195C8-DFE2-356D-A48A-AFB3D34A2DEB}.ReleaseMinimal|Any CPU.Build.0 = MinSizeRel|x64
		{506195C8-DFE2-356D-A48A-AFB3D34A2DEB}.ReleaseMinimal|x64.ActiveCfg = Release|x64
		{506195C8-DFE2-356D-A48A-AFB3D34A2DEB}.ReleaseMinimal|x64.Build.0 = Release|x64
		{506195C8-DFE2-356D-A48A-AFB3D34A2DEB}.ReleaseMinimal|x86.ActiveCfg = MinSizeRel|x64
		{506195C8-DFE2-356D-A48A-AFB3D34A2DEB}.ReleaseMinimal|x86.Build.0 = MinSizeRel|x64
		{506195C8-DFE2-356D-A48A-AFB3D34A2DEB}.RelWithDebInfo|Any CPU.ActiveCfg = RelWithDebInfo|x64
		{506195C8-DFE2-356D-A48A-AFB3D34A2DEB}.RelWithDebInfo|x64.ActiveCfg = RelWithDebInfo|x64
		{506195C8-DFE2-356D-A48A-AFB3D34A2DEB}.RelWithDebInfo|x64.Build.0 = RelWithDebInfo|x64
		{506195C8-DFE2-356D-A48A-AFB3D34A2DEB}.RelWithDebInfo|x86.ActiveCfg = RelWithDebInfo|x64
		{B8F010DB-D471-3E2A-B2E0-6D8728D208B9}.Debug|Any CPU.ActiveCfg = Debug|x64
		{B8F010DB-D471-3E2A-B2E0-6D8728D208B9}.Debug|x64.ActiveCfg = Release|x64
		{B8F010DB-D471-3E2A-B2E0-6D8728D208B9}.Debug|x64.Build.0 = Release|x64
		{B8F010DB-D471-3E2A-B2E0-6D8728D208B9}.Debug|x86.ActiveCfg = Debug|x64
		{B8F010DB-D471-3E2A-B2E0-6D8728D208B9}.DebugMinimal|Any CPU.ActiveCfg = MinSizeRel|x64
		{B8F010DB-D471-3E2A-B2E0-6D8728D208B9}.DebugMinimal|Any CPU.Build.0 = MinSizeRel|x64
		{B8F010DB-D471-3E2A-B2E0-6D8728D208B9}.DebugMinimal|x64.ActiveCfg = Debug|x64
		{B8F010DB-D471-3E2A-B2E0-6D8728D208B9}.DebugMinimal|x64.Build.0 = Debug|x64
		{B8F010DB-D471-3E2A-B2E0-6D8728D208B9}.DebugMinimal|x86.ActiveCfg = MinSizeRel|x64
		{B8F010DB-D471-3E2A-B2E0-6D8728D208B9}.DebugMinimal|x86.Build.0 = MinSizeRel|x64
		{B8F010DB-D471-3E2A-B2E0-6D8728D208B9}.Documentation|Any CPU.ActiveCfg = MinSizeRel|x64
		{B8F010DB-D471-3E2A-B2E0-6D8728D208B9}.Documentation|Any CPU.Build.0 = MinSizeRel|x64
		{B8F010DB-D471-3E2A-B2E0-6D8728D208B9}.Documentation|x64.ActiveCfg = Debug|x64
		{B8F010DB-D471-3E2A-B2E0-6D8728D208B9}.Documentation|x64.Build.0 = Debug|x64
		{B8F010DB-D471-3E2A-B2E0-6D8728D208B9}.Documentation|x86.ActiveCfg = MinSizeRel|x64
		{B8F010DB-D471-3E2A-B2E0-6D8728D208B9}.Documentation|x86.Build.0 = MinSizeRel|x64
		{B8F010DB-D471-3E2A-B2E0-6D8728D208B9}.MinSizeRel|Any CPU.ActiveCfg = MinSizeRel|x64
		{B8F010DB-D471-3E2A-B2E0-6D8728D208B9}.MinSizeRel|x64.ActiveCfg = MinSizeRel|x64
		{B8F010DB-D471-3E2A-B2E0-6D8728D208B9}.MinSizeRel|x64.Build.0 = MinSizeRel|x64
		{B8F010DB-D471-3E2A-B2E0-6D8728D208B9}.MinSizeRel|x86.ActiveCfg = MinSizeRel|x64
		{B8F010DB-D471-3E2A-B2E0-6D8728D208B9}.Nsis|Any CPU.ActiveCfg = MinSizeRel|x64
		{B8F010DB-D471-3E2A-B2E0-6D8728D208B9}.Nsis|Any CPU.Build.0 = MinSizeRel|x64
		{B8F010DB-D471-3E2A-B2E0-6D8728D208B9}.Nsis|x64.ActiveCfg = MinSizeRel|x64
		{B8F010DB-D471-3E2A-B2E0-6D8728D208B9}.Nsis|x64.Build.0 = MinSizeRel|x64
		{B8F010DB-D471-3E2A-B2E0-6D8728D208B9}.Nsis|x86.ActiveCfg = MinSizeRel|x64
		{B8F010DB-D471-3E2A-B2E0-6D8728D208B9}.Nsis|x86.Build.0 = MinSizeRel|x64
		{B8F010DB-D471-3E2A-B2E0-6D8728D208B9}.Release|Any CPU.ActiveCfg = Release|x64
		{B8F010DB-D471-3E2A-B2E0-6D8728D208B9}.Release|x64.ActiveCfg = Release|x64
		{B8F010DB-D471-3E2A-B2E0-6D8728D208B9}.Release|x64.Build.0 = Release|x64
		{B8F010DB-D471-3E2A-B2E0-6D8728D208B9}.Release|x86.ActiveCfg = Release|x64
		{B8F010DB-D471-3E2A-B2E0-6D8728D208B9}.ReleaseMinimal|Any CPU.ActiveCfg = MinSizeRel|x64
		{B8F010DB-D471-3E2A-B2E0-6D8728D208B9}.ReleaseMinimal|Any CPU.Build.0 = MinSizeRel|x64
		{B8F010DB-D471-3E2A-B2E0-6D8728D208B9}.ReleaseMinimal|x64.ActiveCfg = Release|x64
		{B8F010DB-D471-3E2A-B2E0-6D8728D208B9}.ReleaseMinimal|x64.Build.0 = Release|x64
		{B8F010DB-D471-3E2A-B2E0-6D8728D208B9}.ReleaseMinimal|x86.ActiveCfg = MinSizeRel|x64
		{B8F010DB-D471-3E2A-B2E0-6D8728D208B9}.ReleaseMinimal|x86.Build.0 = MinSizeRel|x64
		{B8F010DB-D471-3E2A-B2E0-6D8728D208B9}.RelWithDebInfo|Any CPU.ActiveCfg = RelWithDebInfo|x64
		{B8F010DB-D471-3E2A-B2E0-6D8728D208B9}.RelWithDebInfo|x64.ActiveCfg = RelWithDebInfo|x64
		{B8F010DB-D471-3E2A-B2E0-6D8728D208B9}.RelWithDebInfo|x64.Build.0 = RelWithDebInfo|x64
		{B8F010DB-D471-3E2A-B2E0-6D8728D208B9}.RelWithDebInfo|x86.ActiveCfg = RelWithDebInfo|x64
		{B22B42A4-5DFF-39E4-9ACB-AE04AF852329}.Debug|Any CPU.ActiveCfg = Debug|x64
		{B22B42A4-5DFF-39E4-9ACB-AE04AF852329}.Debug|x64.ActiveCfg = Release|x64
		{B22B42A4-5DFF-39E4-9ACB-AE04AF852329}.Debug|x64.Build.0 = Release|x64
		{B22B42A4-5DFF-39E4-9ACB-AE04AF852329}.Debug|x86.ActiveCfg = Debug|x64
		{B22B42A4-5DFF-39E4-9ACB-AE04AF852329}.DebugMinimal|Any CPU.ActiveCfg = MinSizeRel|x64
		{B22B42A4-5DFF-39E4-9ACB-AE04AF852329}.DebugMinimal|Any CPU.Build.0 = MinSizeRel|x64
		{B22B42A4-5DFF-39E4-9ACB-AE04AF852329}.DebugMinimal|x64.ActiveCfg = Debug|x64
		{B22B42A4-5DFF-39E4-9ACB-AE04AF852329}.DebugMinimal|x64.Build.0 = Debug|x64
		{B22B42A4-5DFF-39E4-9ACB-AE04AF852329}.DebugMinimal|x86.ActiveCfg = MinSizeRel|x64
		{B22B42A4-5DFF-39E4-9ACB-AE04AF852329}.DebugMinimal|x86.Build.0 = MinSizeRel|x64
		{B22B42A4-5DFF-39E4-9ACB-AE04AF852329}.Documentation|Any CPU.ActiveCfg = MinSizeRel|x64
		{B22B42A4-5DFF-39E4-9ACB-AE04AF852329}.Documentation|Any CPU.Build.0 = MinSizeRel|x64
		{B22B42A4-5DFF-39E4-9ACB-AE04AF852329}.Documentation|x64.ActiveCfg = Debug|x64
		{B22B42A4-5DFF-39E4-9ACB-AE04AF852329}.Documentation|x64.Build.0 = Debug|x64
		{B22B42A4-5DFF-39E4-9ACB-AE04AF852329}.Documentation|x86.ActiveCfg = MinSizeRel|x64
		{B22B42A4-5DFF-39E4-9ACB-AE04AF852329}.Documentation|x86.Build.0 = MinSizeRel|x64
		{B22B42A4-5DFF-39E4-9ACB-AE04AF852329}.MinSizeRel|Any CPU.ActiveCfg = MinSizeRel|x64
		{B22B42A4-5DFF-39E4-9ACB-AE04AF852329}.MinSizeRel|x64.ActiveCfg = MinSizeRel|x64
		{B22B42A4-5DFF-39E4-9ACB-AE04AF852329}.MinSizeRel|x64.Build.0 = MinSizeRel|x64
		{B22B42A4-5DFF-39E4-9ACB-AE04AF852329}.MinSizeRel|x86.ActiveCfg = MinSizeRel|x64
		{B22B42A4-5DFF-39E4-9ACB-AE04AF852329}.Nsis|Any CPU.ActiveCfg = MinSizeRel|x64
		{B22B42A4-5DFF-39E4-9ACB-AE04AF852329}.Nsis|Any CPU.Build.0 = MinSizeRel|x64
		{B22B42A4-5DFF-39E4-9ACB-AE04AF852329}.Nsis|x64.ActiveCfg = MinSizeRel|x64
		{B22B42A4-5DFF-39E4-9ACB-AE04AF852329}.Nsis|x64.Build.0 = MinSizeRel|x64
		{B22B42A4-5DFF-39E4-9ACB-AE04AF852329}.Nsis|x86.ActiveCfg = MinSizeRel|x64
		{B22B42A4-5DFF-39E4-9ACB-AE04AF852329}.Nsis|x86.Build.0 = MinSizeRel|x64
		{B22B42A4-5DFF-39E4-9ACB-AE04AF852329}.Release|Any CPU.ActiveCfg = Release|x64
		{B22B42A4-5DFF-39E4-9ACB-AE04AF852329}.Release|x64.ActiveCfg = Release|x64
		{B22B42A4-5DFF-39E4-9ACB-AE04AF852329}.Release|x64.Build.0 = Release|x64
		{B22B42A4-5DFF-39E4-9ACB-AE04AF852329}.Release|x86.ActiveCfg = Release|x64
		{B22B42A4-5DFF-39E4-9ACB-AE04AF852329}.ReleaseMinimal|Any CPU.ActiveCfg = MinSizeRel|x64
		{B22B42A4-5DFF-39E4-9ACB-AE04AF852329}.ReleaseMinimal|Any CPU.Build.0 = MinSizeRel|x64
		{B22B42A4-5DFF-39E4-9ACB-AE04AF852329}.ReleaseMinimal|x64.ActiveCfg = Release|x64
		{B22B42A4-5DFF-39E4-9ACB-AE04AF852329}.ReleaseMinimal|x64.Build.0 = Release|x64
		{B22B42A4-5DFF-39E4-9ACB-AE04AF852329}.ReleaseMinimal|x86.ActiveCfg = MinSizeRel|x64
		{B22B42A4-5DFF-39E4-9ACB-AE04AF852329}.ReleaseMinimal|x86.Build.0 = MinSizeRel|x64
		{B22B42A4-5DFF-39E4-9ACB-AE04AF852329}.RelWithDebInfo|Any CPU.ActiveCfg = RelWithDebInfo|x64
		{B22B42A4-5DFF-39E4-9ACB-AE04AF852329}.RelWithDebInfo|x64.ActiveCfg = RelWithDebInfo|x64
		{B22B42A4-5DFF-39E4-9ACB-AE04AF852329}.RelWithDebInfo|x64.Build.0 = RelWithDebInfo|x64
		{B22B42A4-5DFF-39E4-9ACB-AE04AF852329}.RelWithDebInfo|x86.ActiveCfg = RelWithDebInfo|x64
	EndGlobalSection
	GlobalSection(SolutionProperties) = preSolution
		HideSolutionNode = FALSE
	EndGlobalSection
	GlobalSection(NestedProjects) = preSolution
		{0B202C4D-A457-47FE-84A3-031DD878C6BE} = {6C081DE0-3D6B-45A8-9888-015AE042C593}
		{46786269-57B9-48E7-AA4F-8F4D84609FE6} = {6C081DE0-3D6B-45A8-9888-015AE042C593}
		{31D24303-F6A9-4D53-BB03-A73EDCB3186D} = {6C081DE0-3D6B-45A8-9888-015AE042C593}
		{D17DE83D-A592-461F-8AF2-53F9E22E1D0F} = {6C081DE0-3D6B-45A8-9888-015AE042C593}
		{C27DB390-B043-3BE0-8ED4-DE41BB6FBC17} = {416835A6-8F68-4617-A758-2A77B55B1C58}
		{003D1D3D-310C-39BE-B875-1938E55CBF42} = {416835A6-8F68-4617-A758-2A77B55B1C58}
		{DA7FEB70-C3F4-336C-ADC0-6B5BC1E42E6C} = {416835A6-8F68-4617-A758-2A77B55B1C58}
		{C2EB9F7F-02AE-3829-8C87-DD72DCC76571} = {416835A6-8F68-4617-A758-2A77B55B1C58}
		{F999B543-BDD1-3E95-B696-E103C4ED8370} = {8B7D2BA3-8B87-4D56-9AFF-C586DF63E543}
		{506195C8-DFE2-356D-A48A-AFB3D34A2DEB} = {8B7D2BA3-8B87-4D56-9AFF-C586DF63E543}
		{B8F010DB-D471-3E2A-B2E0-6D8728D208B9} = {8B7D2BA3-8B87-4D56-9AFF-C586DF63E543}
		{B22B42A4-5DFF-39E4-9ACB-AE04AF852329} = {8B7D2BA3-8B87-4D56-9AFF-C586DF63E543}
	EndGlobalSection
EndGlobal
