
Microsoft Visual Studio Solution File, Format Version 12.00
# Visual Studio 14
VisualStudioVersion = 14.0.24720.0
MinimumVisualStudioVersion = 10.0.40219.1
Project("{F2A71F9B-5D33-465A-A702-920D77279786}") = "ss13", "ss13\ss13.fsproj", "{DD92C6D7-52F0-4B49-BD38-45F473C91DE1}"
EndProject
Global
	GlobalSection(SolutionConfigurationPlatforms) = preSolution
		Debug|Any CPU = Debug|Any CPU
		Debug|x64 = Debug|x64
		Debug|x86 = Debug|x86
		DebugMinimal|Any CPU = DebugMinimal|Any CPU
		DebugMinimal|x64 = DebugMinimal|x64
		DebugMinimal|x86 = DebugMinimal|x86
		Documentation|Any CPU = Documentation|Any CPU
		Documentation|x64 = Documentation|x64
		Documentation|x86 = Documentation|x86
		MinSizeRel|Any CPU = MinSizeRel|Any CPU
		MinSizeRel|x64 = MinSizeRel|x64
		MinSizeRel|x86 = MinSizeRel|x86
		Nsis|Any CPU = Nsis|Any CPU
		Nsis|x64 = Nsis|x64
		Nsis|x86 = Nsis|x86
		Release|Any CPU = Release|Any CPU
		Release|x64 = Release|x64
		Release|x86 = Release|x86
		ReleaseMinimal|Any CPU = ReleaseMinimal|Any CPU
		ReleaseMinimal|x64 = ReleaseMinimal|x64
		ReleaseMinimal|x86 = ReleaseMinimal|x86
		RelWithDebInfo|Any CPU = RelWithDebInfo|Any CPU
		RelWithDebInfo|x64 = RelWithDebInfo|x64
		RelWithDebInfo|x86 = RelWithDebInfo|x86
	EndGlobalSection
	GlobalSection(ProjectConfigurationPlatforms) = postSolution
		{DD92C6D7-52F0-4B49-BD38-45F473C91DE1}.Debug|Any CPU.ActiveCfg = Debug|Any CPU
		{DD92C6D7-52F0-4B49-BD38-45F473C91DE1}.Debug|Any CPU.Build.0 = Debug|Any CPU
		{DD92C6D7-52F0-4B49-BD38-45F473C91DE1}.Debug|x64.ActiveCfg = Debug|x64
		{DD92C6D7-52F0-4B49-BD38-45F473C91DE1}.Debug|x64.Build.0 = Debug|x64
		{DD92C6D7-52F0-4B49-BD38-45F473C91DE1}.Debug|x86.ActiveCfg = Debug|Any CPU
		{DD92C6D7-52F0-4B49-BD38-45F473C91DE1}.Debug|x86.Build.0 = Debug|Any CPU
		{DD92C6D7-52F0-4B49-BD38-45F473C91DE1}.DebugMinimal|Any CPU.ActiveCfg = Debug|Any CPU
		{DD92C6D7-52F0-4B49-BD38-45F473C91DE1}.DebugMinimal|Any CPU.Build.0 = Debug|Any CPU
		{DD92C6D7-52F0-4B49-BD38-45F473C91DE1}.DebugMinimal|x64.ActiveCfg = Debug|Any CPU
		{DD92C6D7-52F0-4B49-BD38-45F473C91DE1}.DebugMinimal|x64.Build.0 = Debug|Any CPU
		{DD92C6D7-52F0-4B49-BD38-45F473C91DE1}.DebugMinimal|x86.ActiveCfg = Debug|Any CPU
		{DD92C6D7-52F0-4B49-BD38-45F473C91DE1}.DebugMinimal|x86.Build.0 = Debug|Any CPU
		{DD92C6D7-52F0-4B49-BD38-45F473C91DE1}.Documentation|Any CPU.ActiveCfg = Debug|Any CPU
		{DD92C6D7-52F0-4B49-BD38-45F473C91DE1}.Documentation|Any CPU.Build.0 = Debug|Any CPU
		{DD92C6D7-52F0-4B49-BD38-45F473C91DE1}.Documentation|x64.ActiveCfg = Debug|Any CPU
		{DD92C6D7-52F0-4B49-BD38-45F473C91DE1}.Documentation|x64.Build.0 = Debug|Any CPU
		{DD92C6D7-52F0-4B49-BD38-45F473C91DE1}.Documentation|x86.ActiveCfg = Debug|Any CPU
		{DD92C6D7-52F0-4B49-BD38-45F473C91DE1}.Documentation|x86.Build.0 = Debug|Any CPU
		{DD92C6D7-52F0-4B49-BD38-45F473C91DE1}.MinSizeRel|Any CPU.ActiveCfg = Release|Any CPU
		{DD92C6D7-52F0-4B49-BD38-45F473C91DE1}.MinSizeRel|Any CPU.Build.0 = Release|Any CPU
		{DD92C6D7-52F0-4B49-BD38-45F473C91DE1}.MinSizeRel|x64.ActiveCfg = Release|Any CPU
		{DD92C6D7-52F0-4B49-BD38-45F473C91DE1}.MinSizeRel|x64.Build.0 = Release|Any CPU
		{DD92C6D7-52F0-4B49-BD38-45F473C91DE1}.MinSizeRel|x86.ActiveCfg = Release|Any CPU
		{DD92C6D7-52F0-4B49-BD38-45F473C91DE1}.MinSizeRel|x86.Build.0 = Release|Any CPU
		{DD92C6D7-52F0-4B49-BD38-45F473C91DE1}.Nsis|Any CPU.ActiveCfg = Release|Any CPU
		{DD92C6D7-52F0-4B49-BD38-45F473C91DE1}.Nsis|Any CPU.Build.0 = Release|Any CPU
		{DD92C6D7-52F0-4B49-BD38-45F473C91DE1}.Nsis|x64.ActiveCfg = Release|Any CPU
		{DD92C6D7-52F0-4B49-BD38-45F473C91DE1}.Nsis|x64.Build.0 = Release|Any CPU
		{DD92C6D7-52F0-4B49-BD38-45F473C91DE1}.Nsis|x86.ActiveCfg = Release|Any CPU
		{DD92C6D7-52F0-4B49-BD38-45F473C91DE1}.Nsis|x86.Build.0 = Release|Any CPU
		{DD92C6D7-52F0-4B49-BD38-45F473C91DE1}.Release|Any CPU.ActiveCfg = Release|Any CPU
		{DD92C6D7-52F0-4B49-BD38-45F473C91DE1}.Release|Any CPU.Build.0 = Release|Any CPU
		{DD92C6D7-52F0-4B49-BD38-45F473C91DE1}.Release|x64.ActiveCfg = Release|x64
		{DD92C6D7-52F0-4B49-BD38-45F473C91DE1}.Release|x64.Build.0 = Release|x64
		{DD92C6D7-52F0-4B49-BD38-45F473C91DE1}.Release|x86.ActiveCfg = Release|Any CPU
		{DD92C6D7-52F0-4B49-BD38-45F473C91DE1}.Release|x86.Build.0 = Release|Any CPU
		{DD92C6D7-52F0-4B49-BD38-45F473C91DE1}.ReleaseMinimal|Any CPU.ActiveCfg = Release|Any CPU
		{DD92C6D7-52F0-4B49-BD38-45F473C91DE1}.ReleaseMinimal|Any CPU.Build.0 = Release|Any CPU
		{DD92C6D7-52F0-4B49-BD38-45F473C91DE1}.ReleaseMinimal|x64.ActiveCfg = Release|Any CPU
		{DD92C6D7-52F0-4B49-BD38-45F473C91DE1}.ReleaseMinimal|x64.Build.0 = Release|Any CPU
		{DD92C6D7-52F0-4B49-BD38-45F473C91DE1}.ReleaseMinimal|x86.ActiveCfg = Release|Any CPU
		{DD92C6D7-52F0-4B49-BD38-45F473C91DE1}.ReleaseMinimal|x86.Build.0 = Release|Any CPU
		{DD92C6D7-52F0-4B49-BD38-45F473C91DE1}.RelWithDebInfo|Any CPU.ActiveCfg = Release|Any CPU
		{DD92C6D7-52F0-4B49-BD38-45F473C91DE1}.RelWithDebInfo|Any CPU.Build.0 = Release|Any CPU
		{DD92C6D7-52F0-4B49-BD38-45F473C91DE1}.RelWithDebInfo|x64.ActiveCfg = Release|Any CPU
		{DD92C6D7-52F0-4B49-BD38-45F473C91DE1}.RelWithDebInfo|x64.Build.0 = Release|Any CPU
		{DD92C6D7-52F0-4B49-BD38-45F473C91DE1}.RelWithDebInfo|x86.ActiveCfg = Release|Any CPU
		{DD92C6D7-52F0-4B49-BD38-45F473C91DE1}.RelWithDebInfo|x86.Build.0 = Release|Any CPU
	EndGlobalSection
	GlobalSection(SolutionProperties) = preSolution
		HideSolutionNode = FALSE
	EndGlobalSection
EndGlobal
